
Microsoft Visual Studio Solution File, Format Version 12.00
# Visual Studio Express 14 for Windows Desktop
VisualStudioVersion = 14.0.25420.1
MinimumVisualStudioVersion = 10.0.40219.1
Project("{FAE04EC0-301F-11D3-BF4B-00C04F79EFBC}") = "webcomic_generator", "webcomic_generator.csproj", "{610A98BB-9D8D-4965-9C22-9FB1CF53D96F}"
EndProject
Global
	GlobalSection(SolutionConfigurationPlatforms) = preSolution
		Debug|Any CPU = Debug|Any CPU
		Release|Any CPU = Release|Any CPU
	EndGlobalSection
	GlobalSection(ProjectConfigurationPlatforms) = postSolution
		{610A98BB-9D8D-4965-9C22-9FB1CF53D96F}.Debug|Any CPU.ActiveCfg = Debug|Any CPU
		{610A98BB-9D8D-4965-9C22-9FB1CF53D96F}.Debug|Any CPU.Build.0 = Debug|Any CPU
		{610A98BB-9D8D-4965-9C22-9FB1CF53D96F}.Release|Any CPU.ActiveCfg = Release|Any CPU
		{610A98BB-9D8D-4965-9C22-9FB1CF53D96F}.Release|Any CPU.Build.0 = Release|Any CPU
	EndGlobalSection
	GlobalSection(SolutionProperties) = preSolution
		HideSolutionNode = FALSE
	EndGlobalSection
EndGlobal
